
Microsoft Visual Studio Solution File, Format Version 12.00
# Visual Studio Version 17
VisualStudioVersion = 17.14.36127.28 d17.14
MinimumVisualStudioVersion = 10.0.40219.1
Project("{FAE04EC0-301F-11D3-BF4B-00C04F79EFBC}") = "Patika.Net", "Patika.Net\Patika.Net.csproj", "{3958F4E4-23C1-4363-8B4C-2CF203B1C872}"
EndProject
Global
	GlobalSection(SolutionConfigurationPlatforms) = preSolution
		Debug|Any CPU = Debug|Any CPU
		Release|Any CPU = Release|Any CPU
	EndGlobalSection
	GlobalSection(ProjectConfigurationPlatforms) = postSolution
		{3958F4E4-23C1-4363-8B4C-2CF203B1C872}.Debug|Any CPU.ActiveCfg = Debug|Any CPU
		{3958F4E4-23C1-4363-8B4C-2CF203B1C872}.Debug|Any CPU.Build.0 = Debug|Any CPU
		{3958F4E4-23C1-4363-8B4C-2CF203B1C872}.Release|Any CPU.ActiveCfg = Release|Any CPU
		{3958F4E4-23C1-4363-8B4C-2CF203B1C872}.Release|Any CPU.Build.0 = Release|Any CPU
	EndGlobalSection
	GlobalSection(SolutionProperties) = preSolution
		HideSolutionNode = FALSE
	EndGlobalSection
	GlobalSection(ExtensibilityGlobals) = postSolution
		SolutionGuid = {053789EA-0E8A-4E1A-99E1-F347D543A83E}
	EndGlobalSection
EndGlobal
